<?xml version="1.0" encoding="utf-8"?>
<Project ToolsVersion="4.0" xmlns="http://schemas.microsoft.com/developer/msbuild/2003">
  <ItemGroup>
    <Filter Include="Source Files">
      <UniqueIdentifier>{4FC737F1-C7A5-4376-A066-2A32D752A2FF}</UniqueIdentifier>
      <Extensions>cpp;c;cc;cxx;c++;cppm;ixx;def;odl;idl;hpj;bat;asm;asmx</Extensions>
    </Filter>
    <Filter Include="Header Files">
      <UniqueIdentifier>{93995380-89BD-4b04-88EB-625FBE52EBFB}</UniqueIdentifier>
      <Extensions>h;hh;hpp;hxx;h++;hm;inl;inc;ipp;xsd</Extensions>
    </Filter>
    <Filter Include="Resource Files">
      <UniqueIdentifier>{67DA6AB6-F800-4c08-8B7A-83BB121AAD01}</UniqueIdentifier>
      <Extensions>rc;ico;cur;bmp;dlg;rc2;rct;bin;rgs;gif;jpg;jpeg;jpe;resx;tiff;tif;png;wav;mfcribbon-ms</Extensions>
    </Filter>
  </ItemGroup>
  <ItemGroup>
    <ClCompile Include="SourceCode\main.cpp">
      <Filter>Source Files</Filter>
    </ClCompile>
    <ClCompile Include="SourceCode\Game\Game.cpp">
      <Filter>Source Files</Filter>
    </ClCompile>
    <ClCompile Include="SourceCode\Console\Console.cpp">
      <Filter>Source Files</Filter>
    </ClCompile>
    <ClCompile Include="SourceCode\FileManager\FileManager.cpp">
      <Filter>Source Files</Filter>
    </ClCompile>
    <ClCompile Include="SourceCode\Input\Input.cpp">
      <Filter>Source Files</Filter>
    </ClCompile>
    <ClCompile Include="SourceCode\AudioManager\AudioManager.cpp">
      <Filter>Source Files</Filter>
    </ClCompile>
  </ItemGroup>
  <ItemGroup>
    <ClInclude Include="SourceCode\Game\Game.h">
      <Filter>Header Files</Filter>
    </ClInclude>
    <ClInclude Include="SourceCode\Console\Console.h">
      <Filter>Header Files</Filter>
    </ClInclude>
    <ClInclude Include="SourceCode\FileManager\FileManager.h">
      <Filter>Header Files</Filter>
    </ClInclude>
    <ClInclude Include="SourceCode\Input\Input.h">
      <Filter>Header Files</Filter>
    </ClInclude>
    <ClInclude Include="SourceCode\AudioManager\AudioManager.h">
      <Filter>Header Files</Filter>
    </ClInclude>
    <ClInclude Include="SourceCode\DirectXTK\Includes\Audio.h">
      <Filter>Header Files</Filter>
    </ClInclude>
    <ClInclude Include="SourceCode\DirectXTK\Includes\BufferHelpers.h">
      <Filter>Header Files</Filter>
    </ClInclude>
    <ClInclude Include="SourceCode\DirectXTK\Includes\CommonStates.h">
      <Filter>Header Files</Filter>
    </ClInclude>
    <ClInclude Include="SourceCode\DirectXTK\Includes\DDSTextureLoader.h">
      <Filter>Header Files</Filter>
    </ClInclude>
    <ClInclude Include="SourceCode\DirectXTK\Includes\DirectXHelpers.h">
      <Filter>Header Files</Filter>
    </ClInclude>
    <ClInclude Include="SourceCode\DirectXTK\Includes\Effects.h">
      <Filter>Header Files</Filter>
    </ClInclude>
    <ClInclude Include="SourceCode\DirectXTK\Includes\GamePad.h">
      <Filter>Header Files</Filter>
    </ClInclude>
    <ClInclude Include="SourceCode\DirectXTK\Includes\GeometricPrimitive.h">
      <Filter>Header Files</Filter>
    </ClInclude>
    <ClInclude Include="SourceCode\DirectXTK\Includes\GraphicsMemory.h">
      <Filter>Header Files</Filter>
    </ClInclude>
    <ClInclude Include="SourceCode\DirectXTK\Includes\Keyboard.h">
      <Filter>Header Files</Filter>
    </ClInclude>
    <ClInclude Include="SourceCode\DirectXTK\Includes\Model.h">
      <Filter>Header Files</Filter>
    </ClInclude>
    <ClInclude Include="SourceCode\DirectXTK\Includes\Mouse.h">
      <Filter>Header Files</Filter>
    </ClInclude>
    <ClInclude Include="SourceCode\DirectXTK\Includes\PostProcess.h">
      <Filter>Header Files</Filter>
    </ClInclude>
    <ClInclude Include="SourceCode\DirectXTK\Includes\PrimitiveBatch.h">
      <Filter>Header Files</Filter>
    </ClInclude>
    <ClInclude Include="SourceCode\DirectXTK\Includes\ScreenGrab.h">
      <Filter>Header Files</Filter>
    </ClInclude>
    <ClInclude Include="SourceCode\DirectXTK\Includes\SimpleMath.h">
      <Filter>Header Files</Filter>
    </ClInclude>
    <ClInclude Include="SourceCode\DirectXTK\Includes\SpriteBatch.h">
      <Filter>Header Files</Filter>
    </ClInclude>
    <ClInclude Include="SourceCode\DirectXTK\Includes\SpriteFont.h">
      <Filter>Header Files</Filter>
    </ClInclude>
    <ClInclude Include="SourceCode\DirectXTK\Includes\VertexTypes.h">
      <Filter>Header Files</Filter>
    </ClInclude>
    <ClInclude Include="SourceCode\DirectXTK\Includes\WICTextureLoader.h">
      <Filter>Header Files</Filter>
    </ClInclude>
    <ClInclude Include="SourceCode\DirectXTK\Includes\XboxDDSTextureLoader.h">
      <Filter>Header Files</Filter>
    </ClInclude>
  </ItemGroup>
  <ItemGroup>
    <Text Include="Resources\StartScreen\CompanyLogo.txt" />
    <Text Include="Resources\StartScreen\GameLogo.txt" />
    <Text Include="Resources\Menus\MainMenu.txt" />
    <Text Include="Resources\Menus\ConfirmationMenu.txt" />
    <Text Include="Resources\Tutorial\TutorialPage1.txt" />
    <Text Include="Resources\Tutorial\TutorialPage2.txt" />
    <Text Include="Resources\Tutorial\TutorialPage3.txt" />
    <Text Include="Resources\Menus\OptionsMenu.txt" />
    <Text Include="Resources\Credits\Credits.txt" />
    <Text Include="Resources\Menus\ColorThemesMenu.txt" />
    <Text Include="Resources\Menus\AudioMenu.txt" />
    <Text Include="Resources\Menus\DifficultiesMenu.txt" />
  </ItemGroup>
  <ItemGroup>
    <None Include="Resources\Data\ColorTheme.bin">
      <Filter>Resource Files</Filter>
    </None>
    <None Include="Resources\Data\AudioSettings.bin">
      <Filter>Resource Files</Filter>
    </None>
    <None Include=".gitattributes" />
    <None Include="README.md" />
    <None Include=".gitignore" />
    <None Include="SourceCode\DirectXTK\Includes\SimpleMath.inl">
      <Filter>Header Files</Filter>
    </None>
  </ItemGroup>
  <ItemGroup>
    <Media Include="Resources\Music\BackgroundMusic.wav">
      <Filter>Resource Files</Filter>
    </Media>
    <Media Include="Resources\Audio\BackgroundMenuMusic.wav">
      <Filter>Resource Files</Filter>
    </Media>
    <Media Include="Resources\Audio\ChangeMenuItemSound.wav">
      <Filter>Resource Files</Filter>
    </Media>
    <Media Include="Resources\Audio\SelectMenuItemSound.wav">
      <Filter>Resource Files</Filter>
    </Media>
  </ItemGroup>
</Project>